
Microsoft Visual Studio Solution File, Format Version 12.00
# Visual Studio 15
VisualStudioVersion = 15.0.26403.3
MinimumVisualStudioVersion = 10.0.40219.1
Project("{FAE04EC0-301F-11D3-BF4B-00C04F79EFBC}") = "Spring.WebApi", "Spring.WebApi\Spring.WebApi.csproj", "{791AC2E9-C7AD-4EED-87CE-2B1353075251}"
EndProject
Project("{FAE04EC0-301F-11D3-BF4B-00C04F79EFBC}") = "Spring.Dto", "Spring.Dto\Spring.Dto.csproj", "{3AFE5AF2-ACE7-4FBF-9698-765F3BB5609F}"
EndProject
Project("{FAE04EC0-301F-11D3-BF4B-00C04F79EFBC}") = "Spring.Services", "Spring.Services\Spring.Services.csproj", "{49972FE3-66C7-4E01-999E-A9FE8A5E9224}"
EndProject
Project("{FAE04EC0-301F-11D3-BF4B-00C04F79EFBC}") = "Spring.DbContext", "Spring.DbContext\Spring.DbContext.csproj", "{30D2707F-66B0-4D6E-A994-0C36DFCEC677}"
EndProject
Project("{FAE04EC0-301F-11D3-BF4B-00C04F79EFBC}") = "Spring.Repositories", "Spring.Repositories\Spring.Repositories.csproj", "{CB98DC9A-FDB1-4A54-AC14-46C9DE8F566F}"
EndProject
Global
	GlobalSection(SolutionConfigurationPlatforms) = preSolution
		Debug|Any CPU = Debug|Any CPU
		Release|Any CPU = Release|Any CPU
	EndGlobalSection
	GlobalSection(ProjectConfigurationPlatforms) = postSolution
		{791AC2E9-C7AD-4EED-87CE-2B1353075251}.Debug|Any CPU.ActiveCfg = Debug|Any CPU
		{791AC2E9-C7AD-4EED-87CE-2B1353075251}.Debug|Any CPU.Build.0 = Debug|Any CPU
		{791AC2E9-C7AD-4EED-87CE-2B1353075251}.Release|Any CPU.ActiveCfg = Release|Any CPU
		{791AC2E9-C7AD-4EED-87CE-2B1353075251}.Release|Any CPU.Build.0 = Release|Any CPU
		{3AFE5AF2-ACE7-4FBF-9698-765F3BB5609F}.Debug|Any CPU.ActiveCfg = Debug|Any CPU
		{3AFE5AF2-ACE7-4FBF-9698-765F3BB5609F}.Debug|Any CPU.Build.0 = Debug|Any CPU
		{3AFE5AF2-ACE7-4FBF-9698-765F3BB5609F}.Release|Any CPU.ActiveCfg = Release|Any CPU
		{3AFE5AF2-ACE7-4FBF-9698-765F3BB5609F}.Release|Any CPU.Build.0 = Release|Any CPU
		{49972FE3-66C7-4E01-999E-A9FE8A5E9224}.Debug|Any CPU.ActiveCfg = Debug|Any CPU
		{49972FE3-66C7-4E01-999E-A9FE8A5E9224}.Debug|Any CPU.Build.0 = Debug|Any CPU
		{49972FE3-66C7-4E01-999E-A9FE8A5E9224}.Release|Any CPU.ActiveCfg = Release|Any CPU
		{49972FE3-66C7-4E01-999E-A9FE8A5E9224}.Release|Any CPU.Build.0 = Release|Any CPU
		{30D2707F-66B0-4D6E-A994-0C36DFCEC677}.Debug|Any CPU.ActiveCfg = Debug|Any CPU
		{30D2707F-66B0-4D6E-A994-0C36DFCEC677}.Debug|Any CPU.Build.0 = Debug|Any CPU
		{30D2707F-66B0-4D6E-A994-0C36DFCEC677}.Release|Any CPU.ActiveCfg = Release|Any CPU
		{30D2707F-66B0-4D6E-A994-0C36DFCEC677}.Release|Any CPU.Build.0 = Release|Any CPU
		{CB98DC9A-FDB1-4A54-AC14-46C9DE8F566F}.Debug|Any CPU.ActiveCfg = Debug|Any CPU
		{CB98DC9A-FDB1-4A54-AC14-46C9DE8F566F}.Debug|Any CPU.Build.0 = Debug|Any CPU
		{CB98DC9A-FDB1-4A54-AC14-46C9DE8F566F}.Release|Any CPU.ActiveCfg = Release|Any CPU
		{CB98DC9A-FDB1-4A54-AC14-46C9DE8F566F}.Release|Any CPU.Build.0 = Release|Any CPU
	EndGlobalSection
	GlobalSection(SolutionProperties) = preSolution
		HideSolutionNode = FALSE
	EndGlobalSection
EndGlobal
